
Microsoft Visual Studio Solution File, Format Version 12.00
# Visual Studio 15
VisualStudioVersion = 15.0.27428.2043
MinimumVisualStudioVersion = 10.0.40219.1
Project("{FAE04EC0-301F-11D3-BF4B-00C04F79EFBC}") = "Org.OpenAPITools", "src\Org.OpenAPITools\Org.OpenAPITools.csproj", "{29F1E49F-F22E-45E3-B124-4B440A4C62FD}"
EndProject
Global
    GlobalSection(SolutionConfigurationPlatforms) = preSolution
        Debug|Any CPU = Debug|Any CPU
        Release|Any CPU = Release|Any CPU
    EndGlobalSection
    GlobalSection(ProjectConfigurationPlatforms) = postSolution
        {29F1E49F-F22E-45E3-B124-4B440A4C62FD}.Debug|Any CPU.ActiveCfg = Debug|Any CPU
        {29F1E49F-F22E-45E3-B124-4B440A4C62FD}.Debug|Any CPU.Build.0 = Debug|Any CPU
        {29F1E49F-F22E-45E3-B124-4B440A4C62FD}.Release|Any CPU.ActiveCfg = Release|Any CPU
        {29F1E49F-F22E-45E3-B124-4B440A4C62FD}.Release|Any CPU.Build.0 = Release|Any CPU
    EndGlobalSection
    GlobalSection(SolutionProperties) = preSolution
        HideSolutionNode = FALSE
    EndGlobalSection
EndGlobal
